
Microsoft Visual Studio Solution File, Format Version 12.00
# Visual Studio Version 16
VisualStudioVersion = 16.0.29201.188
MinimumVisualStudioVersion = 10.0.40219.1
Project("{9A19103F-16F7-4668-BE54-9A1E7A4F7556}") = "LiRAClient", "LiRAClient\LiRAClient.csproj", "{871CF8ED-4CBB-402E-A3DA-89C81064FEB4}"
EndProject
Project("{9A19103F-16F7-4668-BE54-9A1E7A4F7556}") = "LiRACore", "LiRACore\LiRACore.csproj", "{DDDA7CE0-51B1-4C51-BC43-118644CEAAE3}"
EndProject
Project("{2150E333-8FDC-42A3-9474-1A3956D46DE8}") = "src", "src", "{0947B9F7-984D-437F-BA0E-FFBC18BAAAA7}"
EndProject
Project("{2150E333-8FDC-42A3-9474-1A3956D46DE8}") = "ApiGateways", "ApiGateways", "{09063EBA-2633-41BD-8595-D5CD5D16F162}"
EndProject
Project("{2150E333-8FDC-42A3-9474-1A3956D46DE8}") = "BuildingBlocks", "BuildingBlocks", "{B32F468D-043C-41B1-937D-52FCECD142ED}"
EndProject
Project("{2150E333-8FDC-42A3-9474-1A3956D46DE8}") = "Services", "Services", "{2CC7356A-F939-4193-B008-53B968095520}"
	ProjectSection(SolutionItems) = preProject
		LiRACore\SensorJSONManager.cs = LiRACore\SensorJSONManager.cs
	EndProjectSection
EndProject
Project("{2150E333-8FDC-42A3-9474-1A3956D46DE8}") = "Web Apps", "Web Apps", "{0CDACA0F-67A8-4D3C-96FC-8871EEB6B8E0}"
EndProject
Project("{2150E333-8FDC-42A3-9474-1A3956D46DE8}") = "Clients", "Clients", "{86480DA8-FC90-4C62-93A3-4E355981D879}"
EndProject
Project("{2150E333-8FDC-42A3-9474-1A3956D46DE8}") = "test", "test", "{8F2BDF39-65A7-4F3B-9E18-45758E56E314}"
EndProject
Project("{9A19103F-16F7-4668-BE54-9A1E7A4F7556}") = "DataCleaningService", "DataCleaningService\DataCleaningService.csproj", "{D7D8B48B-77C1-40AD-BFDC-87ACDF1818C5}"
EndProject
Project("{9A19103F-16F7-4668-BE54-9A1E7A4F7556}") = "PullingRawDataService", "PullingRawDataService\PullingRawDataService.csproj", "{A4DE55DF-3DBD-48EA-B204-045274C93518}"
EndProject
Project("{9A19103F-16F7-4668-BE54-9A1E7A4F7556}") = "LiRAWebApi", "LiRAWebApi\LiRAWebApi.csproj", "{C7715A54-F91F-43BC-A9A3-F0615D5EC9D0}"
EndProject
Project("{9A19103F-16F7-4668-BE54-9A1E7A4F7556}") = "PullingDataService", "PullingDataService\PullingDataService.csproj", "{3C2FE580-21DD-4742-8878-0178390027B6}"
EndProject
Project("{FAE04EC0-301F-11D3-BF4B-00C04F79EFBC}") = "ProcessingDataService", "ProcessingDataService\ProcessingDataService.csproj", "{89C70455-6043-466C-9104-3D580337A27A}"
EndProject
Global
	GlobalSection(SolutionConfigurationPlatforms) = preSolution
		Debug|Any CPU = Debug|Any CPU
		Release|Any CPU = Release|Any CPU
	EndGlobalSection
	GlobalSection(ProjectConfigurationPlatforms) = postSolution
		{871CF8ED-4CBB-402E-A3DA-89C81064FEB4}.Debug|Any CPU.ActiveCfg = Debug|Any CPU
		{871CF8ED-4CBB-402E-A3DA-89C81064FEB4}.Debug|Any CPU.Build.0 = Debug|Any CPU
		{871CF8ED-4CBB-402E-A3DA-89C81064FEB4}.Release|Any CPU.ActiveCfg = Release|Any CPU
		{871CF8ED-4CBB-402E-A3DA-89C81064FEB4}.Release|Any CPU.Build.0 = Release|Any CPU
		{DDDA7CE0-51B1-4C51-BC43-118644CEAAE3}.Debug|Any CPU.ActiveCfg = Debug|Any CPU
		{DDDA7CE0-51B1-4C51-BC43-118644CEAAE3}.Debug|Any CPU.Build.0 = Debug|Any CPU
		{DDDA7CE0-51B1-4C51-BC43-118644CEAAE3}.Release|Any CPU.ActiveCfg = Release|Any CPU
		{DDDA7CE0-51B1-4C51-BC43-118644CEAAE3}.Release|Any CPU.Build.0 = Release|Any CPU
		{D7D8B48B-77C1-40AD-BFDC-87ACDF1818C5}.Debug|Any CPU.ActiveCfg = Debug|Any CPU
		{D7D8B48B-77C1-40AD-BFDC-87ACDF1818C5}.Debug|Any CPU.Build.0 = Debug|Any CPU
		{D7D8B48B-77C1-40AD-BFDC-87ACDF1818C5}.Release|Any CPU.ActiveCfg = Release|Any CPU
		{D7D8B48B-77C1-40AD-BFDC-87ACDF1818C5}.Release|Any CPU.Build.0 = Release|Any CPU
		{A4DE55DF-3DBD-48EA-B204-045274C93518}.Debug|Any CPU.ActiveCfg = Debug|Any CPU
		{A4DE55DF-3DBD-48EA-B204-045274C93518}.Debug|Any CPU.Build.0 = Debug|Any CPU
		{A4DE55DF-3DBD-48EA-B204-045274C93518}.Release|Any CPU.ActiveCfg = Release|Any CPU
		{A4DE55DF-3DBD-48EA-B204-045274C93518}.Release|Any CPU.Build.0 = Release|Any CPU
		{C7715A54-F91F-43BC-A9A3-F0615D5EC9D0}.Debug|Any CPU.ActiveCfg = Debug|Any CPU
		{C7715A54-F91F-43BC-A9A3-F0615D5EC9D0}.Debug|Any CPU.Build.0 = Debug|Any CPU
		{C7715A54-F91F-43BC-A9A3-F0615D5EC9D0}.Release|Any CPU.ActiveCfg = Release|Any CPU
		{C7715A54-F91F-43BC-A9A3-F0615D5EC9D0}.Release|Any CPU.Build.0 = Release|Any CPU
		{3C2FE580-21DD-4742-8878-0178390027B6}.Debug|Any CPU.ActiveCfg = Debug|Any CPU
		{3C2FE580-21DD-4742-8878-0178390027B6}.Debug|Any CPU.Build.0 = Debug|Any CPU
		{3C2FE580-21DD-4742-8878-0178390027B6}.Release|Any CPU.ActiveCfg = Release|Any CPU
		{3C2FE580-21DD-4742-8878-0178390027B6}.Release|Any CPU.Build.0 = Release|Any CPU
		{89C70455-6043-466C-9104-3D580337A27A}.Debug|Any CPU.ActiveCfg = Debug|Any CPU
		{89C70455-6043-466C-9104-3D580337A27A}.Debug|Any CPU.Build.0 = Debug|Any CPU
		{89C70455-6043-466C-9104-3D580337A27A}.Release|Any CPU.ActiveCfg = Release|Any CPU
		{89C70455-6043-466C-9104-3D580337A27A}.Release|Any CPU.Build.0 = Release|Any CPU
	EndGlobalSection
	GlobalSection(SolutionProperties) = preSolution
		HideSolutionNode = FALSE
	EndGlobalSection
	GlobalSection(NestedProjects) = preSolution
		{871CF8ED-4CBB-402E-A3DA-89C81064FEB4} = {86480DA8-FC90-4C62-93A3-4E355981D879}
		{DDDA7CE0-51B1-4C51-BC43-118644CEAAE3} = {B32F468D-043C-41B1-937D-52FCECD142ED}
		{09063EBA-2633-41BD-8595-D5CD5D16F162} = {0947B9F7-984D-437F-BA0E-FFBC18BAAAA7}
		{B32F468D-043C-41B1-937D-52FCECD142ED} = {0947B9F7-984D-437F-BA0E-FFBC18BAAAA7}
		{2CC7356A-F939-4193-B008-53B968095520} = {0947B9F7-984D-437F-BA0E-FFBC18BAAAA7}
		{0CDACA0F-67A8-4D3C-96FC-8871EEB6B8E0} = {0947B9F7-984D-437F-BA0E-FFBC18BAAAA7}
		{86480DA8-FC90-4C62-93A3-4E355981D879} = {0947B9F7-984D-437F-BA0E-FFBC18BAAAA7}
		{D7D8B48B-77C1-40AD-BFDC-87ACDF1818C5} = {2CC7356A-F939-4193-B008-53B968095520}
		{A4DE55DF-3DBD-48EA-B204-045274C93518} = {2CC7356A-F939-4193-B008-53B968095520}
		{3C2FE580-21DD-4742-8878-0178390027B6} = {2CC7356A-F939-4193-B008-53B968095520}
		{89C70455-6043-466C-9104-3D580337A27A} = {2CC7356A-F939-4193-B008-53B968095520}
	EndGlobalSection
	GlobalSection(ExtensibilityGlobals) = postSolution
		SolutionGuid = {4BDAB7E6-CF67-41A3-BC41-160373FDF79A}
	EndGlobalSection
EndGlobal
